
Microsoft Visual Studio Solution File, Format Version 12.00
# Visual Studio 2013
VisualStudioVersion = 12.0.31101.0
MinimumVisualStudioVersion = 10.0.40219.1
Project("{FAE04EC0-301F-11D3-BF4B-00C04F79EFBC}") = "WeatherUnitTests", "WeatherUnitTests.csproj", "{A2173F93-135F-43E7-90BB-2337EED33243}"
EndProject
Project("{FAE04EC0-301F-11D3-BF4B-00C04F79EFBC}") = "WeatherLibrary", "..\WeatherLibrary\WeatherLibrary.csproj", "{33082F9D-EC95-468B-AF19-A1D59BD8698C}"
EndProject
Global
	GlobalSection(SolutionConfigurationPlatforms) = preSolution
		Debug|Any CPU = Debug|Any CPU
		Release|Any CPU = Release|Any CPU
	EndGlobalSection
	GlobalSection(ProjectConfigurationPlatforms) = postSolution
		{A2173F93-135F-43E7-90BB-2337EED33243}.Debug|Any CPU.ActiveCfg = Debug|Any CPU
		{A2173F93-135F-43E7-90BB-2337EED33243}.Debug|Any CPU.Build.0 = Debug|Any CPU
		{A2173F93-135F-43E7-90BB-2337EED33243}.Release|Any CPU.ActiveCfg = Release|Any CPU
		{A2173F93-135F-43E7-90BB-2337EED33243}.Release|Any CPU.Build.0 = Release|Any CPU
		{33082F9D-EC95-468B-AF19-A1D59BD8698C}.Debug|Any CPU.ActiveCfg = Debug|Any CPU
		{33082F9D-EC95-468B-AF19-A1D59BD8698C}.Debug|Any CPU.Build.0 = Debug|Any CPU
		{33082F9D-EC95-468B-AF19-A1D59BD8698C}.Release|Any CPU.ActiveCfg = Release|Any CPU
		{33082F9D-EC95-468B-AF19-A1D59BD8698C}.Release|Any CPU.Build.0 = Release|Any CPU
	EndGlobalSection
	GlobalSection(SolutionProperties) = preSolution
		HideSolutionNode = FALSE
	EndGlobalSection
EndGlobal
